
Microsoft Visual Studio Solution File, Format Version 15.00
# Visual Studio 2017
Project("{FAE04EC0-301F-11D3-BF4B-00C04F79EFBC}") = "3_1", "3_1.csproj", "{93432DF0-EAD0-4401-AB91-6B21539EC706}"
EndProject
Global
	GlobalSection(SolutionConfigurationPlatforms) = preSolution
		Debug|Any CPU = Debug|Any CPU
		Release|Any CPU = Release|Any CPU
	EndGlobalSection
	GlobalSection(ProjectConfigurationPlatforms) = postSolution
		{93432DF0-EAD0-4401-AB91-6B21539EC706}.Debug|Any CPU.ActiveCfg = Debug|Any CPU
		{93432DF0-EAD0-4401-AB91-6B21539EC706}.Debug|Any CPU.Build.0 = Debug|Any CPU
		{93432DF0-EAD0-4401-AB91-6B21539EC706}.Release|Any CPU.ActiveCfg = Release|Any CPU
		{93432DF0-EAD0-4401-AB91-6B21539EC706}.Release|Any CPU.Build.0 = Release|Any CPU
	EndGlobalSection
EndGlobal
